
Microsoft Visual Studio Solution File, Format Version 12.00
# Visual Studio Version 17
VisualStudioVersion = 17.11.35208.52
MinimumVisualStudioVersion = 10.0.40219.1
Project("{FAE04EC0-301F-11D3-BF4B-00C04F79EFBC}") = "P01_StudentSystem", "P01_StudentSystem\P01_StudentSystem.csproj", "{C9B09997-312E-40D9-B0FB-2D7134FA0156}"
EndProject
Global
	GlobalSection(SolutionConfigurationPlatforms) = preSolution
		Debug|Any CPU = Debug|Any CPU
		Release|Any CPU = Release|Any CPU
	EndGlobalSection
	GlobalSection(ProjectConfigurationPlatforms) = postSolution
		{C9B09997-312E-40D9-B0FB-2D7134FA0156}.Debug|Any CPU.ActiveCfg = Debug|Any CPU
		{C9B09997-312E-40D9-B0FB-2D7134FA0156}.Debug|Any CPU.Build.0 = Debug|Any CPU
		{C9B09997-312E-40D9-B0FB-2D7134FA0156}.Release|Any CPU.ActiveCfg = Release|Any CPU
		{C9B09997-312E-40D9-B0FB-2D7134FA0156}.Release|Any CPU.Build.0 = Release|Any CPU
	EndGlobalSection
	GlobalSection(SolutionProperties) = preSolution
		HideSolutionNode = FALSE
	EndGlobalSection
	GlobalSection(ExtensibilityGlobals) = postSolution
		SolutionGuid = {E47E8C0A-E0DE-4964-A374-5E3E3EB68A2B}
	EndGlobalSection
EndGlobal
